
Microsoft Visual Studio Solution File, Format Version 12.00
# Visual Studio Version 16
VisualStudioVersion = 16.0.30114.105
MinimumVisualStudioVersion = 10.0.40219.1
Project("{FAE04EC0-301F-11D3-BF4B-00C04F79EFBC}") = "ShopBridgeApp", "ShopBridgeApp.csproj", "{98FE408D-6322-48CC-B899-7D97F5F50442}"
EndProject
Project("{FAE04EC0-301F-11D3-BF4B-00C04F79EFBC}") = "MVC", "..\MVC\MVC.csproj", "{CDDD86D9-7E11-4A3C-9594-7C617CFBECBE}"
EndProject
Global
	GlobalSection(SolutionConfigurationPlatforms) = preSolution
		Debug|Any CPU = Debug|Any CPU
		Release|Any CPU = Release|Any CPU
	EndGlobalSection
	GlobalSection(ProjectConfigurationPlatforms) = postSolution
		{98FE408D-6322-48CC-B899-7D97F5F50442}.Debug|Any CPU.ActiveCfg = Debug|Any CPU
		{98FE408D-6322-48CC-B899-7D97F5F50442}.Debug|Any CPU.Build.0 = Debug|Any CPU
		{98FE408D-6322-48CC-B899-7D97F5F50442}.Release|Any CPU.ActiveCfg = Release|Any CPU
		{98FE408D-6322-48CC-B899-7D97F5F50442}.Release|Any CPU.Build.0 = Release|Any CPU
		{CDDD86D9-7E11-4A3C-9594-7C617CFBECBE}.Debug|Any CPU.ActiveCfg = Debug|Any CPU
		{CDDD86D9-7E11-4A3C-9594-7C617CFBECBE}.Debug|Any CPU.Build.0 = Debug|Any CPU
		{CDDD86D9-7E11-4A3C-9594-7C617CFBECBE}.Release|Any CPU.ActiveCfg = Release|Any CPU
		{CDDD86D9-7E11-4A3C-9594-7C617CFBECBE}.Release|Any CPU.Build.0 = Release|Any CPU
	EndGlobalSection
	GlobalSection(SolutionProperties) = preSolution
		HideSolutionNode = FALSE
	EndGlobalSection
	GlobalSection(ExtensibilityGlobals) = postSolution
		SolutionGuid = {E6AF1805-68CA-422F-A265-638EA9637998}
	EndGlobalSection
EndGlobal
